Microsoft Visual Studio Solution File, Format Version 11.00
# Visual Studio 2008

Project("{B28685B4-6E92-72A3-2EDD-9C6E4BA48D01}") = "Protoype-3", "Assembly-CSharp-firstpass.csproj", "{D9C17AD7-A42F-7DF4-5444-7B4C1FE79DC6}"
EndProject
Project("{B28685B4-6E92-72A3-2EDD-9C6E4BA48D01}") = "Protoype-3", "Assembly-CSharp.csproj", "{BC4FD03C-89F0-D4FD-F9CF-BAA5DA08921A}"
EndProject
Project("{B28685B4-6E92-72A3-2EDD-9C6E4BA48D01}") = "Protoype-3", "Assembly-UnityScript-firstpass.unityproj", "{2D43D718-3B22-CC06-2CEB-DACDE964F197}"
EndProject
Global
	GlobalSection(SolutionConfigurationPlatforms) = preSolution
		Debug|Any CPU = Debug|Any CPU
		Release|Any CPU = Release|Any CPU
	EndGlobalSection
	GlobalSection(ProjectConfigurationPlatforms) = postSolution
		{D9C17AD7-A42F-7DF4-5444-7B4C1FE79DC6}.Debug|Any CPU.ActiveCfg = Debug|Any CPU
		{D9C17AD7-A42F-7DF4-5444-7B4C1FE79DC6}.Debug|Any CPU.Build.0 = Debug|Any CPU
		{D9C17AD7-A42F-7DF4-5444-7B4C1FE79DC6}.Release|Any CPU.ActiveCfg = Release|Any CPU
		{D9C17AD7-A42F-7DF4-5444-7B4C1FE79DC6}.Release|Any CPU.Build.0 = Release|Any CPU
		{BC4FD03C-89F0-D4FD-F9CF-BAA5DA08921A}.Debug|Any CPU.ActiveCfg = Debug|Any CPU
		{BC4FD03C-89F0-D4FD-F9CF-BAA5DA08921A}.Debug|Any CPU.Build.0 = Debug|Any CPU
		{BC4FD03C-89F0-D4FD-F9CF-BAA5DA08921A}.Release|Any CPU.ActiveCfg = Release|Any CPU
		{BC4FD03C-89F0-D4FD-F9CF-BAA5DA08921A}.Release|Any CPU.Build.0 = Release|Any CPU
		{2D43D718-3B22-CC06-2CEB-DACDE964F197}.Debug|Any CPU.ActiveCfg = Debug|Any CPU
		{2D43D718-3B22-CC06-2CEB-DACDE964F197}.Debug|Any CPU.Build.0 = Debug|Any CPU
		{2D43D718-3B22-CC06-2CEB-DACDE964F197}.Release|Any CPU.ActiveCfg = Release|Any CPU
		{2D43D718-3B22-CC06-2CEB-DACDE964F197}.Release|Any CPU.Build.0 = Release|Any CPU
	EndGlobalSection
	GlobalSection(SolutionProperties) = preSolution
		HideSolutionNode = FALSE
	EndGlobalSection
					GlobalSection(MonoDevelopProperties) = preSolution
		StartupItem = Assembly-CSharp.csproj
		Policies = $0
		$0.TextStylePolicy = $1
		$1.inheritsSet = null
		$1.scope = text/x-csharp
		$0.CSharpFormattingPolicy = $2
		$2.inheritsSet = Mono
		$2.inheritsScope = text/x-csharp
		$2.scope = text/x-csharp
		$0.TextStylePolicy = $3
		$3.FileWidth = 120
		$3.TabWidth = 4
		$3.EolMarker = Unix
		$3.inheritsSet = Mono
		$3.inheritsScope = text/plain
		$3.scope = text/plain
	EndGlobalSection

EndGlobal
